
Microsoft Visual Studio Solution File, Format Version 12.00
# Visual Studio Version 17
VisualStudioVersion = 17.14.36109.1 d17.14
MinimumVisualStudioVersion = 10.0.40219.1
Project("{FAE04EC0-301F-11D3-BF4B-00C04F79EFBC}") = "LoopsInCSharp", "LoopsInCSharp\LoopsInCSharp.csproj", "{527B3BA7-F40F-42FA-96CA-35700ECB8D00}"
EndProject
Global
	GlobalSection(SolutionConfigurationPlatforms) = preSolution
		Debug|Any CPU = Debug|Any CPU
		Release|Any CPU = Release|Any CPU
	EndGlobalSection
	GlobalSection(ProjectConfigurationPlatforms) = postSolution
		{527B3BA7-F40F-42FA-96CA-35700ECB8D00}.Debug|Any CPU.ActiveCfg = Debug|Any CPU
		{527B3BA7-F40F-42FA-96CA-35700ECB8D00}.Debug|Any CPU.Build.0 = Debug|Any CPU
		{527B3BA7-F40F-42FA-96CA-35700ECB8D00}.Release|Any CPU.ActiveCfg = Release|Any CPU
		{527B3BA7-F40F-42FA-96CA-35700ECB8D00}.Release|Any CPU.Build.0 = Release|Any CPU
	EndGlobalSection
	GlobalSection(SolutionProperties) = preSolution
		HideSolutionNode = FALSE
	EndGlobalSection
	GlobalSection(ExtensibilityGlobals) = postSolution
		SolutionGuid = {24028659-7479-4930-8582-0B69B56F479E}
	EndGlobalSection
EndGlobal
